
Microsoft Visual Studio Solution File, Format Version 12.00
# Visual Studio 15
VisualStudioVersion = 15.0.28307.572
MinimumVisualStudioVersion = 10.0.40219.1
Project("{FAE04EC0-301F-11D3-BF4B-00C04F79EFBC}") = "ScheduleModel", "ScheduleModel\ScheduleModel.csproj", "{9F1F0EF0-A398-4DCA-941B-F46320B32AA7}"
EndProject
Project("{FAE04EC0-301F-11D3-BF4B-00C04F79EFBC}") = "ScheduleImplementations", "ScheduleImplementations\ScheduleImplementations.csproj", "{B5C20144-1208-4A49-B93E-E6D3ECEA092A}"
EndProject
Project("{FAE04EC0-301F-11D3-BF4B-00C04F79EFBC}") = "ScheduleServiceDAL", "ScheduleServiceDAL\ScheduleServiceDAL.csproj", "{297AE148-813E-45B2-AD7D-0F0166D28F0F}"
EndProject
Project("{FAE04EC0-301F-11D3-BF4B-00C04F79EFBC}") = "ScheduleView", "ScheduleView\ScheduleView.csproj", "{601EC054-42D9-40F6-9D34-58F4EAE663D7}"
EndProject
Global
	GlobalSection(SolutionConfigurationPlatforms) = preSolution
		Debug|Any CPU = Debug|Any CPU
		Release|Any CPU = Release|Any CPU
	EndGlobalSection
	GlobalSection(ProjectConfigurationPlatforms) = postSolution
		{9F1F0EF0-A398-4DCA-941B-F46320B32AA7}.Debug|Any CPU.ActiveCfg = Debug|Any CPU
		{9F1F0EF0-A398-4DCA-941B-F46320B32AA7}.Debug|Any CPU.Build.0 = Debug|Any CPU
		{9F1F0EF0-A398-4DCA-941B-F46320B32AA7}.Release|Any CPU.ActiveCfg = Release|Any CPU
		{9F1F0EF0-A398-4DCA-941B-F46320B32AA7}.Release|Any CPU.Build.0 = Release|Any CPU
		{B5C20144-1208-4A49-B93E-E6D3ECEA092A}.Debug|Any CPU.ActiveCfg = Debug|Any CPU
		{B5C20144-1208-4A49-B93E-E6D3ECEA092A}.Debug|Any CPU.Build.0 = Debug|Any CPU
		{B5C20144-1208-4A49-B93E-E6D3ECEA092A}.Release|Any CPU.ActiveCfg = Release|Any CPU
		{B5C20144-1208-4A49-B93E-E6D3ECEA092A}.Release|Any CPU.Build.0 = Release|Any CPU
		{297AE148-813E-45B2-AD7D-0F0166D28F0F}.Debug|Any CPU.ActiveCfg = Debug|Any CPU
		{297AE148-813E-45B2-AD7D-0F0166D28F0F}.Debug|Any CPU.Build.0 = Debug|Any CPU
		{297AE148-813E-45B2-AD7D-0F0166D28F0F}.Release|Any CPU.ActiveCfg = Release|Any CPU
		{297AE148-813E-45B2-AD7D-0F0166D28F0F}.Release|Any CPU.Build.0 = Release|Any CPU
		{601EC054-42D9-40F6-9D34-58F4EAE663D7}.Debug|Any CPU.ActiveCfg = Debug|Any CPU
		{601EC054-42D9-40F6-9D34-58F4EAE663D7}.Debug|Any CPU.Build.0 = Debug|Any CPU
		{601EC054-42D9-40F6-9D34-58F4EAE663D7}.Release|Any CPU.ActiveCfg = Release|Any CPU
		{601EC054-42D9-40F6-9D34-58F4EAE663D7}.Release|Any CPU.Build.0 = Release|Any CPU
	EndGlobalSection
	GlobalSection(SolutionProperties) = preSolution
		HideSolutionNode = FALSE
	EndGlobalSection
	GlobalSection(ExtensibilityGlobals) = postSolution
		SolutionGuid = {59FCB43B-F544-40D6-8450-C18C6928C4C5}
	EndGlobalSection
EndGlobal
